<Solution>
  <Folder Name="/src/">
    <Project Path="src/TelemetryPoc.App/TelemetryPoc.App.csproj" />
    <Project Path="src/TelemetryPoc.Core/TelemetryPoc.Core.csproj" />
  </Folder>
  <Folder Name="/tests/">
    <Project Path="tests/TelemetryPoc.Core.Tests/TelemetryPoc.Core.Tests.csproj" />
  </Folder>
</Solution>
